
Microsoft Visual Studio Solution File, Format Version 12.00
# Visual Studio Version 17
VisualStudioVersion = 17.7.34221.43
MinimumVisualStudioVersion = 10.0.40219.1
Project("{FAE04EC0-301F-11D3-BF4B-00C04F79EFBC}") = "jsders2", "jsders2\jsders2.csproj", "{0915DC3A-8873-49C9-B768-BF5ACF6A215C}"
EndProject
Global
	GlobalSection(SolutionConfigurationPlatforms) = preSolution
		Debug|Any CPU = Debug|Any CPU
		Release|Any CPU = Release|Any CPU
	EndGlobalSection
	GlobalSection(ProjectConfigurationPlatforms) = postSolution
		{0915DC3A-8873-49C9-B768-BF5ACF6A215C}.Debug|Any CPU.ActiveCfg = Debug|Any CPU
		{0915DC3A-8873-49C9-B768-BF5ACF6A215C}.Debug|Any CPU.Build.0 = Debug|Any CPU
		{0915DC3A-8873-49C9-B768-BF5ACF6A215C}.Release|Any CPU.ActiveCfg = Release|Any CPU
		{0915DC3A-8873-49C9-B768-BF5ACF6A215C}.Release|Any CPU.Build.0 = Release|Any CPU
	EndGlobalSection
	GlobalSection(SolutionProperties) = preSolution
		HideSolutionNode = FALSE
	EndGlobalSection
	GlobalSection(ExtensibilityGlobals) = postSolution
		SolutionGuid = {9166CD8D-31D8-47A2-870E-B1F29B77E18B}
	EndGlobalSection
EndGlobal
